{
  "name": "my-cloudbase-service",
  "version": "1.0.0",
  "lockfileVersion": 1,
  "requires": true,
  "dependencies": {
    "@cloudbase/adapter-interface": {
      "version": "0.4.1",
      "resolved": "https://registry.npm.taobao.org/@cloudbase/adapter-interface/download/@cloudbase/adapter-interface-0.4.1.tgz",
      "integrity": "sha1-ksN+GoRNCWTdaGgGxwywDmzKuuI="
    },
    "@cloudbase/database": {
      "version": "0.9.16-beta",
      "resolved": "https://registry.npm.taobao.org/@cloudbase/database/download/@cloudbase/database-0.9.16-beta.tgz",
      "integrity": "sha1-6XK0R3BN9P9FvdioBIKjnNirr1k=",
      "requires": {
        "bson": "^4.0.2",
        "lodash.clonedeep": "4.5.0",
        "lodash.set": "4.3.2",
        "lodash.unset": "4.5.2"
      }
    },
    "axios": {
      "version": "0.21.1",
      "resolved": "https://registry.npmjs.org/axios/-/axios-0.21.1.tgz",
      "integrity": "sha512-dKQiRHxGD9PPRIUNIWvZhPTPpl1rf/OxTYKsqKUDjBwYylTvV7SjSHJb9ratfyzM6wCdLCOYLzs73qpg5c4iGA==",
      "dev": true,
      "requires": {
        "follow-redirects": "^1.10.0"
      }
    },
    "base64-js": {
      "version": "1.3.1",
      "resolved": "https://registry.npm.taobao.org/base64-js/download/base64-js-1.3.1.tgz",
      "integrity": "sha1-WOzoy3XdB+ce0IxzarxfrE2/jfE="
    },
    "bson": {
      "version": "4.0.4",
      "resolved": "https://registry.npm.taobao.org/bson/download/bson-4.0.4.tgz",
      "integrity": "sha1-S9os7fKuehjRXLJO4e3ox5f47s8=",
      "requires": {
        "buffer": "^5.1.0",
        "long": "^4.0.0"
      }
    },
    "buffer": {
      "version": "5.6.0",
      "resolved": "https://registry.npm.taobao.org/buffer/download/buffer-5.6.0.tgz?cache=0&other_urls=https%3A%2F%2Fregistry.npm.taobao.org%2Fbuffer%2Fdownload%2Fbuffer-5.6.0.tgz",
      "integrity": "sha1-oxdJ3H2B2E2wir+Te2uMQDP2J4Y=",
      "requires": {
        "base64-js": "^1.0.2",
        "ieee754": "^1.1.4"
      }
    },
    "cloudbase-adapter-wx_mp": {
      "version": "0.1.1",
      "resolved": "https://registry.npm.taobao.org/cloudbase-adapter-wx_mp/download/cloudbase-adapter-wx_mp-0.1.1.tgz",
      "integrity": "sha1-J1DtgUX4IWhB0lu7XWubSiFLhDg=",
      "requires": {
        "@cloudbase/adapter-interface": "^0.4.0"
      }
    },
    "crypto-js": {
      "version": "3.3.0",
      "resolved": "https://registry.npm.taobao.org/crypto-js/download/crypto-js-3.3.0.tgz",
      "integrity": "sha1-hG3RzOL2iqz6FWyFePkmpgm3l2s="
    },
    "debug": {
      "version": "3.1.0",
      "resolved": "https://registry.npmjs.org/debug/-/debug-3.1.0.tgz",
      "integrity": "sha512-OX8XqP7/1a9cqkxYw2yXss15f26NKWBpDXQd0/uK/KPqdQhxbPa994hnzjcE2VqQpDslf55723cKPUOGSmMY3g==",
      "requires": {
        "ms": "2.0.0"
      }
    },
    "fingerprintjs2": {
      "version": "2.1.0",
      "resolved": "https://registry.npm.taobao.org/fingerprintjs2/download/fingerprintjs2-2.1.0.tgz",
      "integrity": "sha1-Idw/7ifTsZkFbvjrhz3rzNjgYyM="
    },
    "follow-redirects": {
      "version": "1.13.1",
      "resolved": "https://registry.npmjs.org/follow-redirects/-/follow-redirects-1.13.1.tgz",
      "integrity": "sha512-SSG5xmZh1mkPGyKzjZP8zLjltIfpW32Y5QpdNJyjcfGxK3qo3NDDkZOZSFiGn1A6SclQxY9GzEwAHQ3dmYRWpg==",
      "dev": true
    },
    "ieee754": {
      "version": "1.1.13",
      "resolved": "https://registry.npm.taobao.org/ieee754/download/ieee754-1.1.13.tgz",
      "integrity": "sha1-7BaFWOlaoYH9h9N/VcMrvLZwi4Q="
    },
    "lodash.clonedeep": {
      "version": "4.5.0",
      "resolved": "https://registry.npm.taobao.org/lodash.clonedeep/download/lodash.clonedeep-4.5.0.tgz",
      "integrity": "sha1-4j8/nE+Pvd6HJSnBBxhXoIblzO8="
    },
    "lodash.set": {
      "version": "4.3.2",
      "resolved": "https://registry.npm.taobao.org/lodash.set/download/lodash.set-4.3.2.tgz",
      "integrity": "sha1-2HV7HagH3eJIFrDWqEvqGnYjCyM="
    },
    "lodash.unset": {
      "version": "4.5.2",
      "resolved": "https://registry.npm.taobao.org/lodash.unset/download/lodash.unset-4.5.2.tgz",
      "integrity": "sha1-Nw0dPoW3Kn4bDN8tJyEhMG8j5O0="
    },
    "long": {
      "version": "4.0.0",
      "resolved": "https://registry.npm.taobao.org/long/download/long-4.0.0.tgz",
      "integrity": "sha1-mntxz7fTYaGU6lVSQckvdGjVvyg="
    },
    "ms": {
      "version": "2.0.0",
      "resolved": "https://registry.npmjs.org/ms/-/ms-2.0.0.tgz",
      "integrity": "sha1-VgiurfwAvmwpAd9fmGF4jeDVl8g="
    },
    "punycode": {
      "version": "1.3.2",
      "resolved": "https://registry.npm.taobao.org/punycode/download/punycode-1.3.2.tgz",
      "integrity": "sha1-llOgNvt8HuQjQvIyXM7v6jkmxI0="
    },
    "querystring": {
      "version": "0.2.0",
      "resolved": "https://registry.npm.taobao.org/querystring/download/querystring-0.2.0.tgz",
      "integrity": "sha1-sgmEkgO7Jd+CDadW50cAWHhSFiA="
    },
    "tcb-js-sdk": {
      "version": "1.7.1",
      "resolved": "https://registry.npm.taobao.org/tcb-js-sdk/download/tcb-js-sdk-1.7.1.tgz",
      "integrity": "sha1-XWtcmW/S24LdgCky4Aw4Btm1tS0=",
      "requires": {
        "@cloudbase/adapter-interface": "^0.4.0",
        "@cloudbase/database": "^0.9.16-beta",
        "axios": "^0.19.1",
        "cloudbase-adapter-wx_mp": "^0.1.0",
        "crypto-js": "^3.1.9-1",
        "fingerprintjs2": "^2.1.0",
        "url": "^0.11.0"
      },
      "dependencies": {
        "axios": {
          "version": "0.19.2",
          "resolved": "https://registry.npmjs.org/axios/-/axios-0.19.2.tgz",
          "integrity": "sha512-fjgm5MvRHLhx+osE2xoekY70AhARk3a6hkN+3Io1jc00jtquGvxYlKlsFUhmUET0V5te6CcZI7lcv2Ym61mjHA==",
          "requires": {
            "follow-redirects": "1.5.10"
          }
        },
        "follow-redirects": {
          "version": "1.5.10",
          "resolved": "https://registry.npmjs.org/follow-redirects/-/follow-redirects-1.5.10.tgz",
          "integrity": "sha512-0V5l4Cizzvqt5D44aTXbFZz+FtyXV1vrDN6qrelxtfYQKW0KO0W2T/hkE8xvGa/540LkZlkaUjO4ailYTFtHVQ==",
          "requires": {
            "debug": "=3.1.0"
          }
        }
      }
    },
    "url": {
      "version": "0.11.0",
      "resolved": "https://registry.npm.taobao.org/url/download/url-0.11.0.tgz",
      "integrity": "sha1-ODjpfPxgUh63PFJajlW/3Z4uKPE=",
      "requires": {
        "punycode": "1.3.2",
        "querystring": "0.2.0"
      }
    }
  }
}
